
Microsoft Visual Studio Solution File, Format Version 12.00
# Visual Studio 14
VisualStudioVersion = 14.0.25420.1
MinimumVisualStudioVersion = 10.0.40219.1
Project("{FAE04EC0-301F-11D3-BF4B-00C04F79EFBC}") = "Logicka.Console", "Logicka.Console\Logicka.Console.csproj", "{5F0531C1-37FF-4ADD-BCBA-5B041711705B}"
EndProject
Project("{FAE04EC0-301F-11D3-BF4B-00C04F79EFBC}") = "Logicka.Core", "Logicka.Core\Logicka.Core.csproj", "{6D54122D-9897-405C-B45A-E19819C3AFA6}"
EndProject
Project("{FAE04EC0-301F-11D3-BF4B-00C04F79EFBC}") = "Logicka.WebAPI", "Logicka.WebAPI\Logicka.WebAPI.csproj", "{B654A8B3-6D92-4BD9-9768-0C49E24ABFD2}"
EndProject
Global
	GlobalSection(SolutionConfigurationPlatforms) = preSolution
		Debug|Any CPU = Debug|Any CPU
		Release|Any CPU = Release|Any CPU
	EndGlobalSection
	GlobalSection(ProjectConfigurationPlatforms) = postSolution
		{5F0531C1-37FF-4ADD-BCBA-5B041711705B}.Debug|Any CPU.ActiveCfg = Debug|Any CPU
		{5F0531C1-37FF-4ADD-BCBA-5B041711705B}.Debug|Any CPU.Build.0 = Debug|Any CPU
		{5F0531C1-37FF-4ADD-BCBA-5B041711705B}.Release|Any CPU.ActiveCfg = Release|Any CPU
		{5F0531C1-37FF-4ADD-BCBA-5B041711705B}.Release|Any CPU.Build.0 = Release|Any CPU
		{6D54122D-9897-405C-B45A-E19819C3AFA6}.Debug|Any CPU.ActiveCfg = Debug|Any CPU
		{6D54122D-9897-405C-B45A-E19819C3AFA6}.Debug|Any CPU.Build.0 = Debug|Any CPU
		{6D54122D-9897-405C-B45A-E19819C3AFA6}.Release|Any CPU.ActiveCfg = Release|Any CPU
		{6D54122D-9897-405C-B45A-E19819C3AFA6}.Release|Any CPU.Build.0 = Release|Any CPU
		{B654A8B3-6D92-4BD9-9768-0C49E24ABFD2}.Debug|Any CPU.ActiveCfg = Debug|Any CPU
		{B654A8B3-6D92-4BD9-9768-0C49E24ABFD2}.Debug|Any CPU.Build.0 = Debug|Any CPU
		{B654A8B3-6D92-4BD9-9768-0C49E24ABFD2}.Release|Any CPU.ActiveCfg = Release|Any CPU
		{B654A8B3-6D92-4BD9-9768-0C49E24ABFD2}.Release|Any CPU.Build.0 = Release|Any CPU
	EndGlobalSection
	GlobalSection(SolutionProperties) = preSolution
		HideSolutionNode = FALSE
	EndGlobalSection
EndGlobal
